{
  "name": "streamassistant",
  "version": "1.0.0",
  "lockfileVersion": 2,
  "requires": true,
  "packages": {
    "": {
      "name": "streamassistant",
      "version": "1.0.0",
      "license": "ISC",
      "dependencies": {
        "commander": "^9.4.1",
        "get-video-duration": "^4.1.0",
        "lodash": "^4.17.21",
        "moment": "^2.29.4"
      },
      "devDependencies": {
        "@types/node": "^18.14.0"
      }
    },
    "node_modules/@ffprobe-installer/darwin-arm64": {
      "version": "5.0.1",
      "resolved": "https://registry.npmjs.org/@ffprobe-installer/darwin-arm64/-/darwin-arm64-5.0.1.tgz",
      "integrity": "sha512-vwNCNjokH8hfkbl6m95zICHwkSzhEvDC3GVBcUp5HX8+4wsX10SP3B+bGur7XUzTIZ4cQpgJmEIAx6TUwRepMg==",
      "cpu": [
        "arm64"
      ],
      "hasInstallScript": true,
      "optional": true,
      "os": [
        "darwin"
      ]
    },
    "node_modules/@ffprobe-installer/darwin-x64": {
      "version": "5.0.0",
      "resolved": "https://registry.npmjs.org/@ffprobe-installer/darwin-x64/-/darwin-x64-5.0.0.tgz",
      "integrity": "sha512-Zl0UkZ+wW/eyMKBPLTUCcNQch2VDnZz/cBn1DXv3YtCBVbYd9aYzGj4MImdxgWcoE0+GpbfbO6mKGwMq5HCm6A==",
      "cpu": [
        "x64"
      ],
      "hasInstallScript": true,
      "optional": true,
      "os": [
        "darwin"
      ]
    },
    "node_modules/@ffprobe-installer/ffprobe": {
      "version": "1.4.1",
      "resolved": "https://registry.npmjs.org/@ffprobe-installer/ffprobe/-/ffprobe-1.4.1.tgz",
      "integrity": "sha512-3WJvxU0f4d7IOZdzoVCAj9fYtiQNC6E0521FJFe9iP5Ej8auTXU7TsrUzIAG1CydeQI+BnM3vGog92SCcF9KtA==",
      "optionalDependencies": {
        "@ffprobe-installer/darwin-arm64": "5.0.1",
        "@ffprobe-installer/darwin-x64": "5.0.0",
        "@ffprobe-installer/linux-arm": "5.0.0",
        "@ffprobe-installer/linux-arm64": "5.0.0",
        "@ffprobe-installer/linux-ia32": "5.0.0",
        "@ffprobe-installer/linux-x64": "5.0.0",
        "@ffprobe-installer/win32-ia32": "5.0.0",
        "@ffprobe-installer/win32-x64": "5.0.0"
      }
    },
    "node_modules/@ffprobe-installer/linux-arm": {
      "version": "5.0.0",
      "resolved": "https://registry.npmjs.org/@ffprobe-installer/linux-arm/-/linux-arm-5.0.0.tgz",
      "integrity": "sha512-mM1PPxP2UX5SUvhy0urcj5U8UolwbYgmnXA/eBWbW78k6N2Wk1COvcHYzOPs6c5yXXL6oshS2rZHU1kowigw7g==",
      "cpu": [
        "arm"
      ],
      "hasInstallScript": true,
      "optional": true,
      "os": [
        "linux"
      ]
    },
    "node_modules/@ffprobe-installer/linux-arm64": {
      "version": "5.0.0",
      "resolved": "https://registry.npmjs.org/@ffprobe-installer/linux-arm64/-/linux-arm64-5.0.0.tgz",
      "integrity": "sha512-IwFbzhe1UydR849YXLPP0RMpHgHXSuPO1kznaCHcU5FscFBV5gOZLkdD8e/xrcC8g/nhKqy0xMjn5kv6KkFQlQ==",
      "cpu": [
        "arm64"
      ],
      "hasInstallScript": true,
      "optional": true,
      "os": [
        "linux"
      ]
    },
    "node_modules/@ffprobe-installer/linux-ia32": {
      "version": "5.0.0",
      "resolved": "https://registry.npmjs.org/@ffprobe-installer/linux-ia32/-/linux-ia32-5.0.0.tgz",
      "integrity": "sha512-c3bWlWEDMST59SAZycVh0oyc2eNS/CxxeRjoNryGRgqcZX3EJWJJQL1rAXbpQOMLMi8to1RqnmMuwPJgLLjjUA==",
      "cpu": [
        "ia32"
      ],
      "hasInstallScript": true,
      "optional": true,
      "os": [
        "linux"
      ]
    },
    "node_modules/@ffprobe-installer/linux-x64": {
      "version": "5.0.0",
      "resolved": "https://registry.npmjs.org/@ffprobe-installer/linux-x64/-/linux-x64-5.0.0.tgz",
      "integrity": "sha512-zgLnWJFvMGCaw1txGtz84sMEQt6mQUzdw86ih9S/kZOWnp06Gj/ams/EXxEkAxgAACCVM6/O0mkDe/6biY5tgA==",
      "cpu": [
        "x64"
      ],
      "hasInstallScript": true,
      "optional": true,
      "os": [
        "linux"
      ]
    },
    "node_modules/@ffprobe-installer/win32-ia32": {
      "version": "5.0.0",
      "resolved": "https://registry.npmjs.org/@ffprobe-installer/win32-ia32/-/win32-ia32-5.0.0.tgz",
      "integrity": "sha512-NnDdAZD6ShFXzJeCkAFl2ZjAv7GcJWYudLA+0T/vjZwvskBop+sq1PGfdmVltfFDcdQiomoThRhn9Xiy9ZC71g==",
      "cpu": [
        "ia32"
      ],
      "optional": true,
      "os": [
        "win32"
      ]
    },
    "node_modules/@ffprobe-installer/win32-x64": {
      "version": "5.0.0",
      "resolved": "https://registry.npmjs.org/@ffprobe-installer/win32-x64/-/win32-x64-5.0.0.tgz",
      "integrity": "sha512-P4ZMRFxVMnfMsOyTfBM/+nkTodLeOUfXNPo+X1bKEWBiZxRErqX/IHS5sLA0yAH8XmtKZcL7Cu6M26ztGcQYxw==",
      "cpu": [
        "x64"
      ],
      "optional": true,
      "os": [
        "win32"
      ]
    },
    "node_modules/@types/node": {
      "version": "18.14.0",
      "resolved": "https://registry.npmjs.org/@types/node/-/node-18.14.0.tgz",
      "integrity": "sha512-5EWrvLmglK+imbCJY0+INViFWUHg1AHel1sq4ZVSfdcNqGy9Edv3UB9IIzzg+xPaUcAgZYcfVs2fBcwDeZzU0A==",
      "dev": true
    },
    "node_modules/commander": {
      "version": "9.4.1",
      "resolved": "https://registry.npmjs.org/commander/-/commander-9.4.1.tgz",
      "integrity": "sha512-5EEkTNyHNGFPD2H+c/dXXfQZYa/scCKasxWcXJaWnNJ99pnQN9Vnmqow+p+PlFPE63Q6mThaZws1T+HxfpgtPw==",
      "engines": {
        "node": "^12.20.0 || >=14"
      }
    },
    "node_modules/cross-spawn": {
      "version": "7.0.3",
      "resolved": "https://registry.npmjs.org/cross-spawn/-/cross-spawn-7.0.3.tgz",
      "integrity": "sha512-iRDPJKUPVEND7dHPO8rkbOnPpyDygcDFtWjpeWNCgy8WP2rXcxXL8TskReQl6OrB2G7+UJrags1q15Fudc7G6w==",
      "dependencies": {
        "path-key": "^3.1.0",
        "shebang-command": "^2.0.0",
        "which": "^2.0.1"
      },
      "engines": {
        "node": ">= 8"
      }
    },
    "node_modules/execa": {
      "version": "5.1.1",
      "resolved": "https://registry.npmjs.org/execa/-/execa-5.1.1.tgz",
      "integrity": "sha512-8uSpZZocAZRBAPIEINJj3Lo9HyGitllczc27Eh5YYojjMFMn8yHMDMaUHE2Jqfq05D/wucwI4JGURyXt1vchyg==",
      "dependencies": {
        "cross-spawn": "^7.0.3",
        "get-stream": "^6.0.0",
        "human-signals": "^2.1.0",
        "is-stream": "^2.0.0",
        "merge-stream": "^2.0.0",
        "npm-run-path": "^4.0.1",
        "onetime": "^5.1.2",
        "signal-exit": "^3.0.3",
        "strip-final-newline": "^2.0.0"
      },
      "engines": {
        "node": ">=10"
      },
      "funding": {
        "url": "https://github.com/sindresorhus/execa?sponsor=1"
      }
    },
    "node_modules/get-stream": {
      "version": "6.0.1",
      "resolved": "https://registry.npmjs.org/get-stream/-/get-stream-6.0.1.tgz",
      "integrity": "sha512-ts6Wi+2j3jQjqi70w5AlN8DFnkSwC+MqmxEzdEALB2qXZYV3X/b1CTfgPLGJNMeAWxdPfU8FO1ms3NUfaHCPYg==",
      "engines": {
        "node": ">=10"
      },
      "funding": {
        "url": "https://github.com/sponsors/sindresorhus"
      }
    },
    "node_modules/get-video-duration": {
      "version": "4.1.0",
      "resolved": "https://registry.npmjs.org/get-video-duration/-/get-video-duration-4.1.0.tgz",
      "integrity": "sha512-kDmnD/C/WFHmZx7eV2duUNCwAH6w9YwpigiUHmq7cRNmxuTvcJ/otvcxa4A5GDus2iSZ+CZEA5e0va/r5ZWumw==",
      "dependencies": {
        "@ffprobe-installer/ffprobe": "^1.4.1",
        "execa": "^5.0.0",
        "is-stream": "^2.0.0"
      }
    },
    "node_modules/human-signals": {
      "version": "2.1.0",
      "resolved": "https://registry.npmjs.org/human-signals/-/human-signals-2.1.0.tgz",
      "integrity": "sha512-B4FFZ6q/T2jhhksgkbEW3HBvWIfDW85snkQgawt07S7J5QXTk6BkNV+0yAeZrM5QpMAdYlocGoljn0sJ/WQkFw==",
      "engines": {
        "node": ">=10.17.0"
      }
    },
    "node_modules/is-stream": {
      "version": "2.0.1",
      "resolved": "https://registry.npmjs.org/is-stream/-/is-stream-2.0.1.tgz",
      "integrity": "sha512-hFoiJiTl63nn+kstHGBtewWSKnQLpyb155KHheA1l39uvtO9nWIop1p3udqPcUd/xbF1VLMO4n7OI6p7RbngDg==",
      "engines": {
        "node": ">=8"
      },
      "funding": {
        "url": "https://github.com/sponsors/sindresorhus"
      }
    },
    "node_modules/isexe": {
      "version": "2.0.0",
      "resolved": "https://registry.npmjs.org/isexe/-/isexe-2.0.0.tgz",
      "integrity": "sha512-RHxMLp9lnKHGHRng9QFhRCMbYAcVpn69smSGcq3f36xjgVVWThj4qqLbTLlq7Ssj8B+fIQ1EuCEGI2lKsyQeIw=="
    },
    "node_modules/lodash": {
      "version": "4.17.21",
      "resolved": "https://registry.npmjs.org/lodash/-/lodash-4.17.21.tgz",
      "integrity": "sha512-v2kDEe57lecTulaDIuNTPy3Ry4gLGJ6Z1O3vE1krgXZNrsQ+LFTGHVxVjcXPs17LhbZVGedAJv8XZ1tvj5FvSg=="
    },
    "node_modules/merge-stream": {
      "version": "2.0.0",
      "resolved": "https://registry.npmjs.org/merge-stream/-/merge-stream-2.0.0.tgz",
      "integrity": "sha512-abv/qOcuPfk3URPfDzmZU1LKmuw8kT+0nIHvKrKgFrwifol/doWcdA4ZqsWQ8ENrFKkd67Mfpo/LovbIUsbt3w=="
    },
    "node_modules/mimic-fn": {
      "version": "2.1.0",
      "resolved": "https://registry.npmjs.org/mimic-fn/-/mimic-fn-2.1.0.tgz",
      "integrity": "sha512-OqbOk5oEQeAZ8WXWydlu9HJjz9WVdEIvamMCcXmuqUYjTknH/sqsWvhQ3vgwKFRR1HpjvNBKQ37nbJgYzGqGcg==",
      "engines": {
        "node": ">=6"
      }
    },
    "node_modules/moment": {
      "version": "2.29.4",
      "resolved": "https://registry.npmjs.org/moment/-/moment-2.29.4.tgz",
      "integrity": "sha512-5LC9SOxjSc2HF6vO2CyuTDNivEdoz2IvyJJGj6X8DJ0eFyfszE0QiEd+iXmBvUP3WHxSjFH/vIsA0EN00cgr8w==",
      "engines": {
        "node": "*"
      }
    },
    "node_modules/npm-run-path": {
      "version": "4.0.1",
      "resolved": "https://registry.npmjs.org/npm-run-path/-/npm-run-path-4.0.1.tgz",
      "integrity": "sha512-S48WzZW777zhNIrn7gxOlISNAqi9ZC/uQFnRdbeIHhZhCA6UqpkOT8T1G7BvfdgP4Er8gF4sUbaS0i7QvIfCWw==",
      "dependencies": {
        "path-key": "^3.0.0"
      },
      "engines": {
        "node": ">=8"
      }
    },
    "node_modules/onetime": {
      "version": "5.1.2",
      "resolved": "https://registry.npmjs.org/onetime/-/onetime-5.1.2.tgz",
      "integrity": "sha512-kbpaSSGJTWdAY5KPVeMOKXSrPtr8C8C7wodJbcsd51jRnmD+GZu8Y0VoU6Dm5Z4vWr0Ig/1NKuWRKf7j5aaYSg==",
      "dependencies": {
        "mimic-fn": "^2.1.0"
      },
      "engines": {
        "node": ">=6"
      },
      "funding": {
        "url": "https://github.com/sponsors/sindresorhus"
      }
    },
    "node_modules/path-key": {
      "version": "3.1.1",
      "resolved": "https://registry.npmjs.org/path-key/-/path-key-3.1.1.tgz",
      "integrity": "sha512-ojmeN0qd+y0jszEtoY48r0Peq5dwMEkIlCOu6Q5f41lfkswXuKtYrhgoTpLnyIcHm24Uhqx+5Tqm2InSwLhE6Q==",
      "engines": {
        "node": ">=8"
      }
    },
    "node_modules/shebang-command": {
      "version": "2.0.0",
      "resolved": "https://registry.npmjs.org/shebang-command/-/shebang-command-2.0.0.tgz",
      "integrity": "sha512-kHxr2zZpYtdmrN1qDjrrX/Z1rR1kG8Dx+gkpK1G4eXmvXswmcE1hTWBWYUzlraYw1/yZp6YuDY77YtvbN0dmDA==",
      "dependencies": {
        "shebang-regex": "^3.0.0"
      },
      "engines": {
        "node": ">=8"
      }
    },
    "node_modules/shebang-regex": {
      "version": "3.0.0",
      "resolved": "https://registry.npmjs.org/shebang-regex/-/shebang-regex-3.0.0.tgz",
      "integrity": "sha512-7++dFhtcx3353uBaq8DDR4NuxBetBzC7ZQOhmTQInHEd6bSrXdiEyzCvG07Z44UYdLShWUyXt5M/yhz8ekcb1A==",
      "engines": {
        "node": ">=8"
      }
    },
    "node_modules/signal-exit": {
      "version": "3.0.7",
      "resolved": "https://registry.npmjs.org/signal-exit/-/signal-exit-3.0.7.tgz",
      "integrity": "sha512-wnD2ZE+l+SPC/uoS0vXeE9L1+0wuaMqKlfz9AMUo38JsyLSBWSFcHR1Rri62LZc12vLr1gb3jl7iwQhgwpAbGQ=="
    },
    "node_modules/strip-final-newline": {
      "version": "2.0.0",
      "resolved": "https://registry.npmjs.org/strip-final-newline/-/strip-final-newline-2.0.0.tgz",
      "integrity": "sha512-BrpvfNAE3dcvq7ll3xVumzjKjZQ5tI1sEUIKr3Uoks0XUl45St3FlatVqef9prk4jRDzhW6WZg+3bk93y6pLjA==",
      "engines": {
        "node": ">=6"
      }
    },
    "node_modules/which": {
      "version": "2.0.2",
      "resolved": "https://registry.npmjs.org/which/-/which-2.0.2.tgz",
      "integrity": "sha512-BLI3Tl1TW3Pvl70l3yq3Y64i+awpwXqsGBYWkkqMtnbXgrMD+yj7rhW0kuEDxzJaYXGjEW5ogapKNMEKNMjibA==",
      "dependencies": {
        "isexe": "^2.0.0"
      },
      "bin": {
        "node-which": "bin/node-which"
      },
      "engines": {
        "node": ">= 8"
      }
    }
  },
  "dependencies": {
    "@ffprobe-installer/darwin-arm64": {
      "version": "5.0.1",
      "resolved": "https://registry.npmjs.org/@ffprobe-installer/darwin-arm64/-/darwin-arm64-5.0.1.tgz",
      "integrity": "sha512-vwNCNjokH8hfkbl6m95zICHwkSzhEvDC3GVBcUp5HX8+4wsX10SP3B+bGur7XUzTIZ4cQpgJmEIAx6TUwRepMg==",
      "optional": true
    },
    "@ffprobe-installer/darwin-x64": {
      "version": "5.0.0",
      "resolved": "https://registry.npmjs.org/@ffprobe-installer/darwin-x64/-/darwin-x64-5.0.0.tgz",
      "integrity": "sha512-Zl0UkZ+wW/eyMKBPLTUCcNQch2VDnZz/cBn1DXv3YtCBVbYd9aYzGj4MImdxgWcoE0+GpbfbO6mKGwMq5HCm6A==",
      "optional": true
    },
    "@ffprobe-installer/ffprobe": {
      "version": "1.4.1",
      "resolved": "https://registry.npmjs.org/@ffprobe-installer/ffprobe/-/ffprobe-1.4.1.tgz",
      "integrity": "sha512-3WJvxU0f4d7IOZdzoVCAj9fYtiQNC6E0521FJFe9iP5Ej8auTXU7TsrUzIAG1CydeQI+BnM3vGog92SCcF9KtA==",
      "requires": {
        "@ffprobe-installer/darwin-arm64": "5.0.1",
        "@ffprobe-installer/darwin-x64": "5.0.0",
        "@ffprobe-installer/linux-arm": "5.0.0",
        "@ffprobe-installer/linux-arm64": "5.0.0",
        "@ffprobe-installer/linux-ia32": "5.0.0",
        "@ffprobe-installer/linux-x64": "5.0.0",
        "@ffprobe-installer/win32-ia32": "5.0.0",
        "@ffprobe-installer/win32-x64": "5.0.0"
      }
    },
    "@ffprobe-installer/linux-arm": {
      "version": "5.0.0",
      "resolved": "https://registry.npmjs.org/@ffprobe-installer/linux-arm/-/linux-arm-5.0.0.tgz",
      "integrity": "sha512-mM1PPxP2UX5SUvhy0urcj5U8UolwbYgmnXA/eBWbW78k6N2Wk1COvcHYzOPs6c5yXXL6oshS2rZHU1kowigw7g==",
      "optional": true
    },
    "@ffprobe-installer/linux-arm64": {
      "version": "5.0.0",
      "resolved": "https://registry.npmjs.org/@ffprobe-installer/linux-arm64/-/linux-arm64-5.0.0.tgz",
      "integrity": "sha512-IwFbzhe1UydR849YXLPP0RMpHgHXSuPO1kznaCHcU5FscFBV5gOZLkdD8e/xrcC8g/nhKqy0xMjn5kv6KkFQlQ==",
      "optional": true
    },
    "@ffprobe-installer/linux-ia32": {
      "version": "5.0.0",
      "resolved": "https://registry.npmjs.org/@ffprobe-installer/linux-ia32/-/linux-ia32-5.0.0.tgz",
      "integrity": "sha512-c3bWlWEDMST59SAZycVh0oyc2eNS/CxxeRjoNryGRgqcZX3EJWJJQL1rAXbpQOMLMi8to1RqnmMuwPJgLLjjUA==",
      "optional": true
    },
    "@ffprobe-installer/linux-x64": {
      "version": "5.0.0",
      "resolved": "https://registry.npmjs.org/@ffprobe-installer/linux-x64/-/linux-x64-5.0.0.tgz",
      "integrity": "sha512-zgLnWJFvMGCaw1txGtz84sMEQt6mQUzdw86ih9S/kZOWnp06Gj/ams/EXxEkAxgAACCVM6/O0mkDe/6biY5tgA==",
      "optional": true
    },
    "@ffprobe-installer/win32-ia32": {
      "version": "5.0.0",
      "resolved": "https://registry.npmjs.org/@ffprobe-installer/win32-ia32/-/win32-ia32-5.0.0.tgz",
      "integrity": "sha512-NnDdAZD6ShFXzJeCkAFl2ZjAv7GcJWYudLA+0T/vjZwvskBop+sq1PGfdmVltfFDcdQiomoThRhn9Xiy9ZC71g==",
      "optional": true
    },
    "@ffprobe-installer/win32-x64": {
      "version": "5.0.0",
      "resolved": "https://registry.npmjs.org/@ffprobe-installer/win32-x64/-/win32-x64-5.0.0.tgz",
      "integrity": "sha512-P4ZMRFxVMnfMsOyTfBM/+nkTodLeOUfXNPo+X1bKEWBiZxRErqX/IHS5sLA0yAH8XmtKZcL7Cu6M26ztGcQYxw==",
      "optional": true
    },
    "@types/node": {
      "version": "18.14.0",
      "resolved": "https://registry.npmjs.org/@types/node/-/node-18.14.0.tgz",
      "integrity": "sha512-5EWrvLmglK+imbCJY0+INViFWUHg1AHel1sq4ZVSfdcNqGy9Edv3UB9IIzzg+xPaUcAgZYcfVs2fBcwDeZzU0A==",
      "dev": true
    },
    "commander": {
      "version": "9.4.1",
      "resolved": "https://registry.npmjs.org/commander/-/commander-9.4.1.tgz",
      "integrity": "sha512-5EEkTNyHNGFPD2H+c/dXXfQZYa/scCKasxWcXJaWnNJ99pnQN9Vnmqow+p+PlFPE63Q6mThaZws1T+HxfpgtPw=="
    },
    "cross-spawn": {
      "version": "7.0.3",
      "resolved": "https://registry.npmjs.org/cross-spawn/-/cross-spawn-7.0.3.tgz",
      "integrity": "sha512-iRDPJKUPVEND7dHPO8rkbOnPpyDygcDFtWjpeWNCgy8WP2rXcxXL8TskReQl6OrB2G7+UJrags1q15Fudc7G6w==",
      "requires": {
        "path-key": "^3.1.0",
        "shebang-command": "^2.0.0",
        "which": "^2.0.1"
      }
    },
    "execa": {
      "version": "5.1.1",
      "resolved": "https://registry.npmjs.org/execa/-/execa-5.1.1.tgz",
      "integrity": "sha512-8uSpZZocAZRBAPIEINJj3Lo9HyGitllczc27Eh5YYojjMFMn8yHMDMaUHE2Jqfq05D/wucwI4JGURyXt1vchyg==",
      "requires": {
        "cross-spawn": "^7.0.3",
        "get-stream": "^6.0.0",
        "human-signals": "^2.1.0",
        "is-stream": "^2.0.0",
        "merge-stream": "^2.0.0",
        "npm-run-path": "^4.0.1",
        "onetime": "^5.1.2",
        "signal-exit": "^3.0.3",
        "strip-final-newline": "^2.0.0"
      }
    },
    "get-stream": {
      "version": "6.0.1",
      "resolved": "https://registry.npmjs.org/get-stream/-/get-stream-6.0.1.tgz",
      "integrity": "sha512-ts6Wi+2j3jQjqi70w5AlN8DFnkSwC+MqmxEzdEALB2qXZYV3X/b1CTfgPLGJNMeAWxdPfU8FO1ms3NUfaHCPYg=="
    },
    "get-video-duration": {
      "version": "4.1.0",
      "resolved": "https://registry.npmjs.org/get-video-duration/-/get-video-duration-4.1.0.tgz",
      "integrity": "sha512-kDmnD/C/WFHmZx7eV2duUNCwAH6w9YwpigiUHmq7cRNmxuTvcJ/otvcxa4A5GDus2iSZ+CZEA5e0va/r5ZWumw==",
      "requires": {
        "@ffprobe-installer/ffprobe": "^1.4.1",
        "execa": "^5.0.0",
        "is-stream": "^2.0.0"
      }
    },
    "human-signals": {
      "version": "2.1.0",
      "resolved": "https://registry.npmjs.org/human-signals/-/human-signals-2.1.0.tgz",
      "integrity": "sha512-B4FFZ6q/T2jhhksgkbEW3HBvWIfDW85snkQgawt07S7J5QXTk6BkNV+0yAeZrM5QpMAdYlocGoljn0sJ/WQkFw=="
    },
    "is-stream": {
      "version": "2.0.1",
      "resolved": "https://registry.npmjs.org/is-stream/-/is-stream-2.0.1.tgz",
      "integrity": "sha512-hFoiJiTl63nn+kstHGBtewWSKnQLpyb155KHheA1l39uvtO9nWIop1p3udqPcUd/xbF1VLMO4n7OI6p7RbngDg=="
    },
    "isexe": {
      "version": "2.0.0",
      "resolved": "https://registry.npmjs.org/isexe/-/isexe-2.0.0.tgz",
      "integrity": "sha512-RHxMLp9lnKHGHRng9QFhRCMbYAcVpn69smSGcq3f36xjgVVWThj4qqLbTLlq7Ssj8B+fIQ1EuCEGI2lKsyQeIw=="
    },
    "lodash": {
      "version": "4.17.21",
      "resolved": "https://registry.npmjs.org/lodash/-/lodash-4.17.21.tgz",
      "integrity": "sha512-v2kDEe57lecTulaDIuNTPy3Ry4gLGJ6Z1O3vE1krgXZNrsQ+LFTGHVxVjcXPs17LhbZVGedAJv8XZ1tvj5FvSg=="
    },
    "merge-stream": {
      "version": "2.0.0",
      "resolved": "https://registry.npmjs.org/merge-stream/-/merge-stream-2.0.0.tgz",
      "integrity": "sha512-abv/qOcuPfk3URPfDzmZU1LKmuw8kT+0nIHvKrKgFrwifol/doWcdA4ZqsWQ8ENrFKkd67Mfpo/LovbIUsbt3w=="
    },
    "mimic-fn": {
      "version": "2.1.0",
      "resolved": "https://registry.npmjs.org/mimic-fn/-/mimic-fn-2.1.0.tgz",
      "integrity": "sha512-OqbOk5oEQeAZ8WXWydlu9HJjz9WVdEIvamMCcXmuqUYjTknH/sqsWvhQ3vgwKFRR1HpjvNBKQ37nbJgYzGqGcg=="
    },
    "moment": {
      "version": "2.29.4",
      "resolved": "https://registry.npmjs.org/moment/-/moment-2.29.4.tgz",
      "integrity": "sha512-5LC9SOxjSc2HF6vO2CyuTDNivEdoz2IvyJJGj6X8DJ0eFyfszE0QiEd+iXmBvUP3WHxSjFH/vIsA0EN00cgr8w=="
    },
    "npm-run-path": {
      "version": "4.0.1",
      "resolved": "https://registry.npmjs.org/npm-run-path/-/npm-run-path-4.0.1.tgz",
      "integrity": "sha512-S48WzZW777zhNIrn7gxOlISNAqi9ZC/uQFnRdbeIHhZhCA6UqpkOT8T1G7BvfdgP4Er8gF4sUbaS0i7QvIfCWw==",
      "requires": {
        "path-key": "^3.0.0"
      }
    },
    "onetime": {
      "version": "5.1.2",
      "resolved": "https://registry.npmjs.org/onetime/-/onetime-5.1.2.tgz",
      "integrity": "sha512-kbpaSSGJTWdAY5KPVeMOKXSrPtr8C8C7wodJbcsd51jRnmD+GZu8Y0VoU6Dm5Z4vWr0Ig/1NKuWRKf7j5aaYSg==",
      "requires": {
        "mimic-fn": "^2.1.0"
      }
    },
    "path-key": {
      "version": "3.1.1",
      "resolved": "https://registry.npmjs.org/path-key/-/path-key-3.1.1.tgz",
      "integrity": "sha512-ojmeN0qd+y0jszEtoY48r0Peq5dwMEkIlCOu6Q5f41lfkswXuKtYrhgoTpLnyIcHm24Uhqx+5Tqm2InSwLhE6Q=="
    },
    "shebang-command": {
      "version": "2.0.0",
      "resolved": "https://registry.npmjs.org/shebang-command/-/shebang-command-2.0.0.tgz",
      "integrity": "sha512-kHxr2zZpYtdmrN1qDjrrX/Z1rR1kG8Dx+gkpK1G4eXmvXswmcE1hTWBWYUzlraYw1/yZp6YuDY77YtvbN0dmDA==",
      "requires": {
        "shebang-regex": "^3.0.0"
      }
    },
    "shebang-regex": {
      "version": "3.0.0",
      "resolved": "https://registry.npmjs.org/shebang-regex/-/shebang-regex-3.0.0.tgz",
      "integrity": "sha512-7++dFhtcx3353uBaq8DDR4NuxBetBzC7ZQOhmTQInHEd6bSrXdiEyzCvG07Z44UYdLShWUyXt5M/yhz8ekcb1A=="
    },
    "signal-exit": {
      "version": "3.0.7",
      "resolved": "https://registry.npmjs.org/signal-exit/-/signal-exit-3.0.7.tgz",
      "integrity": "sha512-wnD2ZE+l+SPC/uoS0vXeE9L1+0wuaMqKlfz9AMUo38JsyLSBWSFcHR1Rri62LZc12vLr1gb3jl7iwQhgwpAbGQ=="
    },
    "strip-final-newline": {
      "version": "2.0.0",
      "resolved": "https://registry.npmjs.org/strip-final-newline/-/strip-final-newline-2.0.0.tgz",
      "integrity": "sha512-BrpvfNAE3dcvq7ll3xVumzjKjZQ5tI1sEUIKr3Uoks0XUl45St3FlatVqef9prk4jRDzhW6WZg+3bk93y6pLjA=="
    },
    "which": {
      "version": "2.0.2",
      "resolved": "https://registry.npmjs.org/which/-/which-2.0.2.tgz",
      "integrity": "sha512-BLI3Tl1TW3Pvl70l3yq3Y64i+awpwXqsGBYWkkqMtnbXgrMD+yj7rhW0kuEDxzJaYXGjEW5ogapKNMEKNMjibA==",
      "requires": {
        "isexe": "^2.0.0"
      }
    }
  }
}
